
Microsoft Visual Studio Solution File, Format Version 12.00
# Visual Studio Version 17
VisualStudioVersion = 17.11.35118.90
MinimumVisualStudioVersion = 10.0.40219.1
Project("{2150E333-8FDC-42A3-9474-1A3956D46DE8}") = "Core", "Core", "{FE5CF9A9-45C7-4B0B-A5A2-FEFEEC078CD6}"
EndProject
Project("{9A19103F-16F7-4668-BE54-9A1E7A4F7556}") = "Soltec.BLL", "BLL\Soltec.BLL.csproj", "{EE9AE6CD-0297-4AAD-A725-A628E0C7ACDC}"
EndProject
Project("{9A19103F-16F7-4668-BE54-9A1E7A4F7556}") = "Soltec.DAL", "DAL\Soltec.DAL.csproj", "{A62E4FCF-2147-498B-B963-12DEF28BD51A}"
EndProject
Project("{9A19103F-16F7-4668-BE54-9A1E7A4F7556}") = "Soltec.Common", "Common\Soltec.Common.csproj", "{AC84EFF4-6D00-4744-A10D-2F8EE347B322}"
EndProject
Project("{9A19103F-16F7-4668-BE54-9A1E7A4F7556}") = "Soltec.ServicioTransmisionAPI", "Soltec.ServicioTransmisionAPI\Soltec.ServicioTransmisionAPI.csproj", "{8009223A-74B0-4FF7-9C47-5A6182A4D0FA}"
EndProject
Project("{2150E333-8FDC-42A3-9474-1A3956D46DE8}") = "CoreAPI", "CoreAPI", "{9ED7C14D-D627-4B93-86C3-848F9414856B}"
EndProject
Project("{9A19103F-16F7-4668-BE54-9A1E7A4F7556}") = "Soltec.ApiBLL", "ApiBLL\Soltec.ApiBLL.csproj", "{1043457A-D245-4E6E-B5A1-68B0415BAA1C}"
EndProject
Project("{9A19103F-16F7-4668-BE54-9A1E7A4F7556}") = "Soltec.ApiCommon", "ApiCommon\Soltec.ApiCommon.csproj", "{1AEC0768-C7DD-4A36-96F5-78A51A07AFF1}"
EndProject
Project("{9A19103F-16F7-4668-BE54-9A1E7A4F7556}") = "Soltec.ApiDAL", "ApiDAL\Soltec.ApiDAL.csproj", "{CC4D5737-03BF-459E-8EDC-9C259C5E94FF}"
	ProjectSection(ProjectDependencies) = postProject
		{648248EB-4F6A-4594-8991-3E29F0ED2B70} = {648248EB-4F6A-4594-8991-3E29F0ED2B70}
	EndProjectSection
EndProject
Project("{2150E333-8FDC-42A3-9474-1A3956D46DE8}") = "CoreApp", "CoreApp", "{34C0C4C0-02D7-445E-9DC1-5C995AAA1488}"
EndProject
Project("{FAE04EC0-301F-11D3-BF4B-00C04F79EFBC}") = "Soltec.AppBLL", "AppBLL\Soltec.AppBLL.csproj", "{846504ED-106B-4A2A-BB14-9EA69A1C6F52}"
EndProject
Project("{FAE04EC0-301F-11D3-BF4B-00C04F79EFBC}") = "Soltec.AppCommon", "AppCommon\Soltec.AppCommon.csproj", "{88F75186-45EE-47BC-8B3A-1752C794D56E}"
EndProject
Project("{FAE04EC0-301F-11D3-BF4B-00C04F79EFBC}") = "Soltec.AppDAL", "AppDAL\Soltec.AppDAL.csproj", "{C4CCE0FF-B05A-482D-8756-8632AF7EBA2D}"
EndProject
Project("{2150E333-8FDC-42A3-9474-1A3956D46DE8}") = "Orquestacion", "Orquestacion", "{15A58AFF-6DA8-452A-B358-B43A43C7CEA1}"
EndProject
Project("{9A19103F-16F7-4668-BE54-9A1E7A4F7556}") = "Soltec.Common.Logger", "Soltec.Common.Logger\Soltec.Common.Logger.csproj", "{648248EB-4F6A-4594-8991-3E29F0ED2B70}"
EndProject
Project("{9A19103F-16F7-4668-BE54-9A1E7A4F7556}") = "Soltec.Orquestacion.App", "Soltec.Orquestacion.App\Soltec.Orquestacion.App.csproj", "{D3C88074-FDA6-4A10-935B-D4C419DD9D42}"
EndProject
Project("{9A19103F-16F7-4668-BE54-9A1E7A4F7556}") = "Soltec.Orquestacion.BR", "Soltec.Orquestacion.BR\Soltec.Orquestacion.BR.csproj", "{C2F2F49C-F0CF-4192-A2CC-6058454D71A0}"
EndProject
Project("{9A19103F-16F7-4668-BE54-9A1E7A4F7556}") = "Soltec.Orquestacion.DA", "Soltec.Orquestacion.DA\Soltec.Orquestacion.DA.csproj", "{306F6BB0-3A52-41CA-8D4C-51540CEF8960}"
EndProject
Project("{FAE04EC0-301F-11D3-BF4B-00C04F79EFBC}") = "Soltec.Common.LoggerFramework", "Soltec.Common.LoggerFramework\Soltec.Common.LoggerFramework.csproj", "{A18FE74F-1B69-4AD2-B2AD-45DDFEF9E6C8}"
EndProject
Project("{2150E333-8FDC-42A3-9474-1A3956D46DE8}") = "SoltecClient", "SoltecClient", "{2A5435CC-0C3D-4AA0-A3E8-EA99AE64F371}"
EndProject
Project("{FAE04EC0-301F-11D3-BF4B-00C04F79EFBC}") = "Soltec.SignalR", "Soltec.SignalR\Soltec.SignalR.csproj", "{DFF8EF86-CF37-46FE-84EC-2C710D10767B}"
EndProject
Project("{9A19103F-16F7-4668-BE54-9A1E7A4F7556}") = "Soltec.Orquestacion.Entidades", "Soltec.Orquestacion.Entidades\Soltec.Orquestacion.Entidades.csproj", "{15EF3354-5CE2-4B2F-A3FC-BF1A0458EEF9}"
EndProject
Global
	GlobalSection(SolutionConfigurationPlatforms) = preSolution
		Debug|Any CPU = Debug|Any CPU
		Debug|x64 = Debug|x64
		Release|Any CPU = Release|Any CPU
		Release|x64 = Release|x64
	EndGlobalSection
	GlobalSection(ProjectConfigurationPlatforms) = postSolution
		{EE9AE6CD-0297-4AAD-A725-A628E0C7ACDC}.Debug|Any CPU.ActiveCfg = Debug|Any CPU
		{EE9AE6CD-0297-4AAD-A725-A628E0C7ACDC}.Debug|Any CPU.Build.0 = Debug|Any CPU
		{EE9AE6CD-0297-4AAD-A725-A628E0C7ACDC}.Debug|x64.ActiveCfg = Debug|Any CPU
		{EE9AE6CD-0297-4AAD-A725-A628E0C7ACDC}.Debug|x64.Build.0 = Debug|Any CPU
		{EE9AE6CD-0297-4AAD-A725-A628E0C7ACDC}.Release|Any CPU.ActiveCfg = Release|Any CPU
		{EE9AE6CD-0297-4AAD-A725-A628E0C7ACDC}.Release|Any CPU.Build.0 = Release|Any CPU
		{EE9AE6CD-0297-4AAD-A725-A628E0C7ACDC}.Release|x64.ActiveCfg = Release|Any CPU
		{EE9AE6CD-0297-4AAD-A725-A628E0C7ACDC}.Release|x64.Build.0 = Release|Any CPU
		{A62E4FCF-2147-498B-B963-12DEF28BD51A}.Debug|Any CPU.ActiveCfg = Debug|Any CPU
		{A62E4FCF-2147-498B-B963-12DEF28BD51A}.Debug|Any CPU.Build.0 = Debug|Any CPU
		{A62E4FCF-2147-498B-B963-12DEF28BD51A}.Debug|x64.ActiveCfg = Debug|Any CPU
		{A62E4FCF-2147-498B-B963-12DEF28BD51A}.Debug|x64.Build.0 = Debug|Any CPU
		{A62E4FCF-2147-498B-B963-12DEF28BD51A}.Release|Any CPU.ActiveCfg = Release|Any CPU
		{A62E4FCF-2147-498B-B963-12DEF28BD51A}.Release|Any CPU.Build.0 = Release|Any CPU
		{A62E4FCF-2147-498B-B963-12DEF28BD51A}.Release|x64.ActiveCfg = Release|Any CPU
		{A62E4FCF-2147-498B-B963-12DEF28BD51A}.Release|x64.Build.0 = Release|Any CPU
		{AC84EFF4-6D00-4744-A10D-2F8EE347B322}.Debug|Any CPU.ActiveCfg = Debug|Any CPU
		{AC84EFF4-6D00-4744-A10D-2F8EE347B322}.Debug|Any CPU.Build.0 = Debug|Any CPU
		{AC84EFF4-6D00-4744-A10D-2F8EE347B322}.Debug|x64.ActiveCfg = Debug|Any CPU
		{AC84EFF4-6D00-4744-A10D-2F8EE347B322}.Debug|x64.Build.0 = Debug|Any CPU
		{AC84EFF4-6D00-4744-A10D-2F8EE347B322}.Release|Any CPU.ActiveCfg = Release|Any CPU
		{AC84EFF4-6D00-4744-A10D-2F8EE347B322}.Release|Any CPU.Build.0 = Release|Any CPU
		{AC84EFF4-6D00-4744-A10D-2F8EE347B322}.Release|x64.ActiveCfg = Release|Any CPU
		{AC84EFF4-6D00-4744-A10D-2F8EE347B322}.Release|x64.Build.0 = Release|Any CPU
		{8009223A-74B0-4FF7-9C47-5A6182A4D0FA}.Debug|Any CPU.ActiveCfg = Debug|Any CPU
		{8009223A-74B0-4FF7-9C47-5A6182A4D0FA}.Debug|Any CPU.Build.0 = Debug|Any CPU
		{8009223A-74B0-4FF7-9C47-5A6182A4D0FA}.Debug|x64.ActiveCfg = Debug|Any CPU
		{8009223A-74B0-4FF7-9C47-5A6182A4D0FA}.Debug|x64.Build.0 = Debug|Any CPU
		{8009223A-74B0-4FF7-9C47-5A6182A4D0FA}.Release|Any CPU.ActiveCfg = Release|Any CPU
		{8009223A-74B0-4FF7-9C47-5A6182A4D0FA}.Release|Any CPU.Build.0 = Release|Any CPU
		{8009223A-74B0-4FF7-9C47-5A6182A4D0FA}.Release|x64.ActiveCfg = Release|Any CPU
		{8009223A-74B0-4FF7-9C47-5A6182A4D0FA}.Release|x64.Build.0 = Release|Any CPU
		{1043457A-D245-4E6E-B5A1-68B0415BAA1C}.Debug|Any CPU.ActiveCfg = Debug|Any CPU
		{1043457A-D245-4E6E-B5A1-68B0415BAA1C}.Debug|Any CPU.Build.0 = Debug|Any CPU
		{1043457A-D245-4E6E-B5A1-68B0415BAA1C}.Debug|x64.ActiveCfg = Debug|Any CPU
		{1043457A-D245-4E6E-B5A1-68B0415BAA1C}.Debug|x64.Build.0 = Debug|Any CPU
		{1043457A-D245-4E6E-B5A1-68B0415BAA1C}.Release|Any CPU.ActiveCfg = Release|Any CPU
		{1043457A-D245-4E6E-B5A1-68B0415BAA1C}.Release|Any CPU.Build.0 = Release|Any CPU
		{1043457A-D245-4E6E-B5A1-68B0415BAA1C}.Release|x64.ActiveCfg = Release|Any CPU
		{1043457A-D245-4E6E-B5A1-68B0415BAA1C}.Release|x64.Build.0 = Release|Any CPU
		{1AEC0768-C7DD-4A36-96F5-78A51A07AFF1}.Debug|Any CPU.ActiveCfg = Debug|Any CPU
		{1AEC0768-C7DD-4A36-96F5-78A51A07AFF1}.Debug|Any CPU.Build.0 = Debug|Any CPU
		{1AEC0768-C7DD-4A36-96F5-78A51A07AFF1}.Debug|x64.ActiveCfg = Debug|Any CPU
		{1AEC0768-C7DD-4A36-96F5-78A51A07AFF1}.Debug|x64.Build.0 = Debug|Any CPU
		{1AEC0768-C7DD-4A36-96F5-78A51A07AFF1}.Release|Any CPU.ActiveCfg = Release|Any CPU
		{1AEC0768-C7DD-4A36-96F5-78A51A07AFF1}.Release|Any CPU.Build.0 = Release|Any CPU
		{1AEC0768-C7DD-4A36-96F5-78A51A07AFF1}.Release|x64.ActiveCfg = Release|Any CPU
		{1AEC0768-C7DD-4A36-96F5-78A51A07AFF1}.Release|x64.Build.0 = Release|Any CPU
		{CC4D5737-03BF-459E-8EDC-9C259C5E94FF}.Debug|Any CPU.ActiveCfg = Debug|Any CPU
		{CC4D5737-03BF-459E-8EDC-9C259C5E94FF}.Debug|Any CPU.Build.0 = Debug|Any CPU
		{CC4D5737-03BF-459E-8EDC-9C259C5E94FF}.Debug|x64.ActiveCfg = Debug|Any CPU
		{CC4D5737-03BF-459E-8EDC-9C259C5E94FF}.Debug|x64.Build.0 = Debug|Any CPU
		{CC4D5737-03BF-459E-8EDC-9C259C5E94FF}.Release|Any CPU.ActiveCfg = Release|Any CPU
		{CC4D5737-03BF-459E-8EDC-9C259C5E94FF}.Release|Any CPU.Build.0 = Release|Any CPU
		{CC4D5737-03BF-459E-8EDC-9C259C5E94FF}.Release|x64.ActiveCfg = Release|Any CPU
		{CC4D5737-03BF-459E-8EDC-9C259C5E94FF}.Release|x64.Build.0 = Release|Any CPU
		{846504ED-106B-4A2A-BB14-9EA69A1C6F52}.Debug|Any CPU.ActiveCfg = Debug|Any CPU
		{846504ED-106B-4A2A-BB14-9EA69A1C6F52}.Debug|Any CPU.Build.0 = Debug|Any CPU
		{846504ED-106B-4A2A-BB14-9EA69A1C6F52}.Debug|x64.ActiveCfg = Debug|Any CPU
		{846504ED-106B-4A2A-BB14-9EA69A1C6F52}.Debug|x64.Build.0 = Debug|Any CPU
		{846504ED-106B-4A2A-BB14-9EA69A1C6F52}.Release|Any CPU.ActiveCfg = Release|Any CPU
		{846504ED-106B-4A2A-BB14-9EA69A1C6F52}.Release|Any CPU.Build.0 = Release|Any CPU
		{846504ED-106B-4A2A-BB14-9EA69A1C6F52}.Release|x64.ActiveCfg = Release|Any CPU
		{846504ED-106B-4A2A-BB14-9EA69A1C6F52}.Release|x64.Build.0 = Release|Any CPU
		{88F75186-45EE-47BC-8B3A-1752C794D56E}.Debug|Any CPU.ActiveCfg = Debug|Any CPU
		{88F75186-45EE-47BC-8B3A-1752C794D56E}.Debug|Any CPU.Build.0 = Debug|Any CPU
		{88F75186-45EE-47BC-8B3A-1752C794D56E}.Debug|x64.ActiveCfg = Debug|Any CPU
		{88F75186-45EE-47BC-8B3A-1752C794D56E}.Debug|x64.Build.0 = Debug|Any CPU
		{88F75186-45EE-47BC-8B3A-1752C794D56E}.Release|Any CPU.ActiveCfg = Release|Any CPU
		{88F75186-45EE-47BC-8B3A-1752C794D56E}.Release|Any CPU.Build.0 = Release|Any CPU
		{88F75186-45EE-47BC-8B3A-1752C794D56E}.Release|x64.ActiveCfg = Release|Any CPU
		{88F75186-45EE-47BC-8B3A-1752C794D56E}.Release|x64.Build.0 = Release|Any CPU
		{C4CCE0FF-B05A-482D-8756-8632AF7EBA2D}.Debug|Any CPU.ActiveCfg = Debug|Any CPU
		{C4CCE0FF-B05A-482D-8756-8632AF7EBA2D}.Debug|Any CPU.Build.0 = Debug|Any CPU
		{C4CCE0FF-B05A-482D-8756-8632AF7EBA2D}.Debug|x64.ActiveCfg = Debug|Any CPU
		{C4CCE0FF-B05A-482D-8756-8632AF7EBA2D}.Debug|x64.Build.0 = Debug|Any CPU
		{C4CCE0FF-B05A-482D-8756-8632AF7EBA2D}.Release|Any CPU.ActiveCfg = Release|Any CPU
		{C4CCE0FF-B05A-482D-8756-8632AF7EBA2D}.Release|Any CPU.Build.0 = Release|Any CPU
		{C4CCE0FF-B05A-482D-8756-8632AF7EBA2D}.Release|x64.ActiveCfg = Release|Any CPU
		{C4CCE0FF-B05A-482D-8756-8632AF7EBA2D}.Release|x64.Build.0 = Release|Any CPU
		{648248EB-4F6A-4594-8991-3E29F0ED2B70}.Debug|Any CPU.ActiveCfg = Debug|Any CPU
		{648248EB-4F6A-4594-8991-3E29F0ED2B70}.Debug|Any CPU.Build.0 = Debug|Any CPU
		{648248EB-4F6A-4594-8991-3E29F0ED2B70}.Debug|x64.ActiveCfg = Debug|Any CPU
		{648248EB-4F6A-4594-8991-3E29F0ED2B70}.Debug|x64.Build.0 = Debug|Any CPU
		{648248EB-4F6A-4594-8991-3E29F0ED2B70}.Release|Any CPU.ActiveCfg = Release|Any CPU
		{648248EB-4F6A-4594-8991-3E29F0ED2B70}.Release|Any CPU.Build.0 = Release|Any CPU
		{648248EB-4F6A-4594-8991-3E29F0ED2B70}.Release|x64.ActiveCfg = Release|Any CPU
		{648248EB-4F6A-4594-8991-3E29F0ED2B70}.Release|x64.Build.0 = Release|Any CPU
		{D3C88074-FDA6-4A10-935B-D4C419DD9D42}.Debug|Any CPU.ActiveCfg = Debug|Any CPU
		{D3C88074-FDA6-4A10-935B-D4C419DD9D42}.Debug|Any CPU.Build.0 = Debug|Any CPU
		{D3C88074-FDA6-4A10-935B-D4C419DD9D42}.Debug|x64.ActiveCfg = Debug|Any CPU
		{D3C88074-FDA6-4A10-935B-D4C419DD9D42}.Debug|x64.Build.0 = Debug|Any CPU
		{D3C88074-FDA6-4A10-935B-D4C419DD9D42}.Release|Any CPU.ActiveCfg = Release|Any CPU
		{D3C88074-FDA6-4A10-935B-D4C419DD9D42}.Release|Any CPU.Build.0 = Release|Any CPU
		{D3C88074-FDA6-4A10-935B-D4C419DD9D42}.Release|x64.ActiveCfg = Release|Any CPU
		{D3C88074-FDA6-4A10-935B-D4C419DD9D42}.Release|x64.Build.0 = Release|Any CPU
		{C2F2F49C-F0CF-4192-A2CC-6058454D71A0}.Debug|Any CPU.ActiveCfg = Debug|Any CPU
		{C2F2F49C-F0CF-4192-A2CC-6058454D71A0}.Debug|Any CPU.Build.0 = Debug|Any CPU
		{C2F2F49C-F0CF-4192-A2CC-6058454D71A0}.Debug|x64.ActiveCfg = Debug|Any CPU
		{C2F2F49C-F0CF-4192-A2CC-6058454D71A0}.Debug|x64.Build.0 = Debug|Any CPU
		{C2F2F49C-F0CF-4192-A2CC-6058454D71A0}.Release|Any CPU.ActiveCfg = Release|Any CPU
		{C2F2F49C-F0CF-4192-A2CC-6058454D71A0}.Release|Any CPU.Build.0 = Release|Any CPU
		{C2F2F49C-F0CF-4192-A2CC-6058454D71A0}.Release|x64.ActiveCfg = Release|Any CPU
		{C2F2F49C-F0CF-4192-A2CC-6058454D71A0}.Release|x64.Build.0 = Release|Any CPU
		{306F6BB0-3A52-41CA-8D4C-51540CEF8960}.Debug|Any CPU.ActiveCfg = Debug|Any CPU
		{306F6BB0-3A52-41CA-8D4C-51540CEF8960}.Debug|Any CPU.Build.0 = Debug|Any CPU
		{306F6BB0-3A52-41CA-8D4C-51540CEF8960}.Debug|x64.ActiveCfg = Debug|Any CPU
		{306F6BB0-3A52-41CA-8D4C-51540CEF8960}.Debug|x64.Build.0 = Debug|Any CPU
		{306F6BB0-3A52-41CA-8D4C-51540CEF8960}.Release|Any CPU.ActiveCfg = Release|Any CPU
		{306F6BB0-3A52-41CA-8D4C-51540CEF8960}.Release|Any CPU.Build.0 = Release|Any CPU
		{306F6BB0-3A52-41CA-8D4C-51540CEF8960}.Release|x64.ActiveCfg = Release|Any CPU
		{306F6BB0-3A52-41CA-8D4C-51540CEF8960}.Release|x64.Build.0 = Release|Any CPU
		{A18FE74F-1B69-4AD2-B2AD-45DDFEF9E6C8}.Debug|Any CPU.ActiveCfg = Debug|Any CPU
		{A18FE74F-1B69-4AD2-B2AD-45DDFEF9E6C8}.Debug|Any CPU.Build.0 = Debug|Any CPU
		{A18FE74F-1B69-4AD2-B2AD-45DDFEF9E6C8}.Debug|x64.ActiveCfg = Debug|Any CPU
		{A18FE74F-1B69-4AD2-B2AD-45DDFEF9E6C8}.Debug|x64.Build.0 = Debug|Any CPU
		{A18FE74F-1B69-4AD2-B2AD-45DDFEF9E6C8}.Release|Any CPU.ActiveCfg = Release|Any CPU
		{A18FE74F-1B69-4AD2-B2AD-45DDFEF9E6C8}.Release|Any CPU.Build.0 = Release|Any CPU
		{A18FE74F-1B69-4AD2-B2AD-45DDFEF9E6C8}.Release|x64.ActiveCfg = Release|Any CPU
		{A18FE74F-1B69-4AD2-B2AD-45DDFEF9E6C8}.Release|x64.Build.0 = Release|Any CPU
		{DFF8EF86-CF37-46FE-84EC-2C710D10767B}.Debug|Any CPU.ActiveCfg = Debug|Any CPU
		{DFF8EF86-CF37-46FE-84EC-2C710D10767B}.Debug|Any CPU.Build.0 = Debug|Any CPU
		{DFF8EF86-CF37-46FE-84EC-2C710D10767B}.Debug|x64.ActiveCfg = Debug|x64
		{DFF8EF86-CF37-46FE-84EC-2C710D10767B}.Debug|x64.Build.0 = Debug|x64
		{DFF8EF86-CF37-46FE-84EC-2C710D10767B}.Release|Any CPU.ActiveCfg = Release|Any CPU
		{DFF8EF86-CF37-46FE-84EC-2C710D10767B}.Release|Any CPU.Build.0 = Release|Any CPU
		{DFF8EF86-CF37-46FE-84EC-2C710D10767B}.Release|x64.ActiveCfg = Release|x64
		{DFF8EF86-CF37-46FE-84EC-2C710D10767B}.Release|x64.Build.0 = Release|x64
		{15EF3354-5CE2-4B2F-A3FC-BF1A0458EEF9}.Debug|Any CPU.ActiveCfg = Debug|Any CPU
		{15EF3354-5CE2-4B2F-A3FC-BF1A0458EEF9}.Debug|Any CPU.Build.0 = Debug|Any CPU
		{15EF3354-5CE2-4B2F-A3FC-BF1A0458EEF9}.Debug|x64.ActiveCfg = Debug|Any CPU
		{15EF3354-5CE2-4B2F-A3FC-BF1A0458EEF9}.Debug|x64.Build.0 = Debug|Any CPU
		{15EF3354-5CE2-4B2F-A3FC-BF1A0458EEF9}.Release|Any CPU.ActiveCfg = Release|Any CPU
		{15EF3354-5CE2-4B2F-A3FC-BF1A0458EEF9}.Release|Any CPU.Build.0 = Release|Any CPU
		{15EF3354-5CE2-4B2F-A3FC-BF1A0458EEF9}.Release|x64.ActiveCfg = Release|Any CPU
		{15EF3354-5CE2-4B2F-A3FC-BF1A0458EEF9}.Release|x64.Build.0 = Release|Any CPU
	EndGlobalSection
	GlobalSection(SolutionProperties) = preSolution
		HideSolutionNode = FALSE
	EndGlobalSection
	GlobalSection(NestedProjects) = preSolution
		{EE9AE6CD-0297-4AAD-A725-A628E0C7ACDC} = {FE5CF9A9-45C7-4B0B-A5A2-FEFEEC078CD6}
		{A62E4FCF-2147-498B-B963-12DEF28BD51A} = {FE5CF9A9-45C7-4B0B-A5A2-FEFEEC078CD6}
		{AC84EFF4-6D00-4744-A10D-2F8EE347B322} = {FE5CF9A9-45C7-4B0B-A5A2-FEFEEC078CD6}
		{1043457A-D245-4E6E-B5A1-68B0415BAA1C} = {9ED7C14D-D627-4B93-86C3-848F9414856B}
		{1AEC0768-C7DD-4A36-96F5-78A51A07AFF1} = {9ED7C14D-D627-4B93-86C3-848F9414856B}
		{CC4D5737-03BF-459E-8EDC-9C259C5E94FF} = {9ED7C14D-D627-4B93-86C3-848F9414856B}
		{846504ED-106B-4A2A-BB14-9EA69A1C6F52} = {34C0C4C0-02D7-445E-9DC1-5C995AAA1488}
		{88F75186-45EE-47BC-8B3A-1752C794D56E} = {34C0C4C0-02D7-445E-9DC1-5C995AAA1488}
		{C4CCE0FF-B05A-482D-8756-8632AF7EBA2D} = {34C0C4C0-02D7-445E-9DC1-5C995AAA1488}
		{D3C88074-FDA6-4A10-935B-D4C419DD9D42} = {15A58AFF-6DA8-452A-B358-B43A43C7CEA1}
		{C2F2F49C-F0CF-4192-A2CC-6058454D71A0} = {15A58AFF-6DA8-452A-B358-B43A43C7CEA1}
		{306F6BB0-3A52-41CA-8D4C-51540CEF8960} = {15A58AFF-6DA8-452A-B358-B43A43C7CEA1}
		{DFF8EF86-CF37-46FE-84EC-2C710D10767B} = {2A5435CC-0C3D-4AA0-A3E8-EA99AE64F371}
	EndGlobalSection
	GlobalSection(ExtensibilityGlobals) = postSolution
		SolutionGuid = {C7C498E3-E8FA-44AE-BDED-83A28274E167}
	EndGlobalSection
EndGlobal
