
Microsoft Visual Studio Solution File, Format Version 12.00
# Visual Studio Version 17
VisualStudioVersion = 17.11.35118.90
MinimumVisualStudioVersion = 10.0.40219.1
Project("{9A19103F-16F7-4668-BE54-9A1E7A4F7556}") = "Soltec.ServicioTransmisionAPI", "Soltec.ServicioTransmisionAPI\Soltec.ServicioTransmisionAPI.csproj", "{8009223A-74B0-4FF7-9C47-5A6182A4D0FA}"
EndProject
Project("{2150E333-8FDC-42A3-9474-1A3956D46DE8}") = "CoreAPI", "CoreAPI", "{9ED7C14D-D627-4B93-86C3-848F9414856B}"
EndProject
Project("{9A19103F-16F7-4668-BE54-9A1E7A4F7556}") = "Soltec.ApiCommon", "ApiCommon\Soltec.ApiCommon.csproj", "{1AEC0768-C7DD-4A36-96F5-78A51A07AFF1}"
EndProject
Project("{9A19103F-16F7-4668-BE54-9A1E7A4F7556}") = "Soltec.Common.Logger", "Soltec.Common.Logger\Soltec.Common.Logger.csproj", "{648248EB-4F6A-4594-8991-3E29F0ED2B70}"
EndProject
Project("{9A19103F-16F7-4668-BE54-9A1E7A4F7556}") = "Soltec.Entidades", "Soltec.Orquestacion.Entidades\Soltec.Entidades.csproj", "{15EF3354-5CE2-4B2F-A3FC-BF1A0458EEF9}"
EndProject
Project("{FAE04EC0-301F-11D3-BF4B-00C04F79EFBC}") = "Soltec.Business", "Soltec.Business\Soltec.Business.csproj", "{8F1C649A-56AF-1668-C715-0EB98C22ECEB}"
EndProject
Project("{FAE04EC0-301F-11D3-BF4B-00C04F79EFBC}") = "Soltec.DB", "Soltec.DB\Soltec.DB.csproj", "{1EAE3226-2BC7-256E-A0DC-3BF0CFD020DF}"
EndProject
Global
	GlobalSection(SolutionConfigurationPlatforms) = preSolution
		Debug|Any CPU = Debug|Any CPU
		Debug|x64 = Debug|x64
		Release|Any CPU = Release|Any CPU
		Release|x64 = Release|x64
	EndGlobalSection
	GlobalSection(ProjectConfigurationPlatforms) = postSolution
		{8009223A-74B0-4FF7-9C47-5A6182A4D0FA}.Debug|Any CPU.ActiveCfg = Debug|Any CPU
		{8009223A-74B0-4FF7-9C47-5A6182A4D0FA}.Debug|Any CPU.Build.0 = Debug|Any CPU
		{8009223A-74B0-4FF7-9C47-5A6182A4D0FA}.Debug|x64.ActiveCfg = Debug|Any CPU
		{8009223A-74B0-4FF7-9C47-5A6182A4D0FA}.Debug|x64.Build.0 = Debug|Any CPU
		{8009223A-74B0-4FF7-9C47-5A6182A4D0FA}.Release|Any CPU.ActiveCfg = Release|Any CPU
		{8009223A-74B0-4FF7-9C47-5A6182A4D0FA}.Release|Any CPU.Build.0 = Release|Any CPU
		{8009223A-74B0-4FF7-9C47-5A6182A4D0FA}.Release|x64.ActiveCfg = Release|Any CPU
		{8009223A-74B0-4FF7-9C47-5A6182A4D0FA}.Release|x64.Build.0 = Release|Any CPU
		{1AEC0768-C7DD-4A36-96F5-78A51A07AFF1}.Debug|Any CPU.ActiveCfg = Debug|Any CPU
		{1AEC0768-C7DD-4A36-96F5-78A51A07AFF1}.Debug|Any CPU.Build.0 = Debug|Any CPU
		{1AEC0768-C7DD-4A36-96F5-78A51A07AFF1}.Debug|x64.ActiveCfg = Debug|Any CPU
		{1AEC0768-C7DD-4A36-96F5-78A51A07AFF1}.Debug|x64.Build.0 = Debug|Any CPU
		{1AEC0768-C7DD-4A36-96F5-78A51A07AFF1}.Release|Any CPU.ActiveCfg = Release|Any CPU
		{1AEC0768-C7DD-4A36-96F5-78A51A07AFF1}.Release|Any CPU.Build.0 = Release|Any CPU
		{1AEC0768-C7DD-4A36-96F5-78A51A07AFF1}.Release|x64.ActiveCfg = Release|Any CPU
		{1AEC0768-C7DD-4A36-96F5-78A51A07AFF1}.Release|x64.Build.0 = Release|Any CPU
		{648248EB-4F6A-4594-8991-3E29F0ED2B70}.Debug|Any CPU.ActiveCfg = Debug|Any CPU
		{648248EB-4F6A-4594-8991-3E29F0ED2B70}.Debug|Any CPU.Build.0 = Debug|Any CPU
		{648248EB-4F6A-4594-8991-3E29F0ED2B70}.Debug|x64.ActiveCfg = Debug|Any CPU
		{648248EB-4F6A-4594-8991-3E29F0ED2B70}.Debug|x64.Build.0 = Debug|Any CPU
		{648248EB-4F6A-4594-8991-3E29F0ED2B70}.Release|Any CPU.ActiveCfg = Release|Any CPU
		{648248EB-4F6A-4594-8991-3E29F0ED2B70}.Release|Any CPU.Build.0 = Release|Any CPU
		{648248EB-4F6A-4594-8991-3E29F0ED2B70}.Release|x64.ActiveCfg = Release|Any CPU
		{648248EB-4F6A-4594-8991-3E29F0ED2B70}.Release|x64.Build.0 = Release|Any CPU
		{15EF3354-5CE2-4B2F-A3FC-BF1A0458EEF9}.Debug|Any CPU.ActiveCfg = Debug|Any CPU
		{15EF3354-5CE2-4B2F-A3FC-BF1A0458EEF9}.Debug|Any CPU.Build.0 = Debug|Any CPU
		{15EF3354-5CE2-4B2F-A3FC-BF1A0458EEF9}.Debug|x64.ActiveCfg = Debug|Any CPU
		{15EF3354-5CE2-4B2F-A3FC-BF1A0458EEF9}.Debug|x64.Build.0 = Debug|Any CPU
		{15EF3354-5CE2-4B2F-A3FC-BF1A0458EEF9}.Release|Any CPU.ActiveCfg = Release|Any CPU
		{15EF3354-5CE2-4B2F-A3FC-BF1A0458EEF9}.Release|Any CPU.Build.0 = Release|Any CPU
		{15EF3354-5CE2-4B2F-A3FC-BF1A0458EEF9}.Release|x64.ActiveCfg = Release|Any CPU
		{15EF3354-5CE2-4B2F-A3FC-BF1A0458EEF9}.Release|x64.Build.0 = Release|Any CPU
		{8F1C649A-56AF-1668-C715-0EB98C22ECEB}.Debug|Any CPU.ActiveCfg = Debug|Any CPU
		{8F1C649A-56AF-1668-C715-0EB98C22ECEB}.Debug|Any CPU.Build.0 = Debug|Any CPU
		{8F1C649A-56AF-1668-C715-0EB98C22ECEB}.Debug|x64.ActiveCfg = Debug|Any CPU
		{8F1C649A-56AF-1668-C715-0EB98C22ECEB}.Debug|x64.Build.0 = Debug|Any CPU
		{8F1C649A-56AF-1668-C715-0EB98C22ECEB}.Release|Any CPU.ActiveCfg = Release|Any CPU
		{8F1C649A-56AF-1668-C715-0EB98C22ECEB}.Release|Any CPU.Build.0 = Release|Any CPU
		{8F1C649A-56AF-1668-C715-0EB98C22ECEB}.Release|x64.ActiveCfg = Release|Any CPU
		{8F1C649A-56AF-1668-C715-0EB98C22ECEB}.Release|x64.Build.0 = Release|Any CPU
		{1EAE3226-2BC7-256E-A0DC-3BF0CFD020DF}.Debug|Any CPU.ActiveCfg = Debug|Any CPU
		{1EAE3226-2BC7-256E-A0DC-3BF0CFD020DF}.Debug|Any CPU.Build.0 = Debug|Any CPU
		{1EAE3226-2BC7-256E-A0DC-3BF0CFD020DF}.Debug|x64.ActiveCfg = Debug|Any CPU
		{1EAE3226-2BC7-256E-A0DC-3BF0CFD020DF}.Debug|x64.Build.0 = Debug|Any CPU
		{1EAE3226-2BC7-256E-A0DC-3BF0CFD020DF}.Release|Any CPU.ActiveCfg = Release|Any CPU
		{1EAE3226-2BC7-256E-A0DC-3BF0CFD020DF}.Release|Any CPU.Build.0 = Release|Any CPU
		{1EAE3226-2BC7-256E-A0DC-3BF0CFD020DF}.Release|x64.ActiveCfg = Release|Any CPU
		{1EAE3226-2BC7-256E-A0DC-3BF0CFD020DF}.Release|x64.Build.0 = Release|Any CPU
	EndGlobalSection
	GlobalSection(SolutionProperties) = preSolution
		HideSolutionNode = FALSE
	EndGlobalSection
	GlobalSection(NestedProjects) = preSolution
		{1AEC0768-C7DD-4A36-96F5-78A51A07AFF1} = {9ED7C14D-D627-4B93-86C3-848F9414856B}
		{8F1C649A-56AF-1668-C715-0EB98C22ECEB} = {9ED7C14D-D627-4B93-86C3-848F9414856B}
		{1EAE3226-2BC7-256E-A0DC-3BF0CFD020DF} = {9ED7C14D-D627-4B93-86C3-848F9414856B}
	EndGlobalSection
	GlobalSection(ExtensibilityGlobals) = postSolution
		SolutionGuid = {C7C498E3-E8FA-44AE-BDED-83A28274E167}
	EndGlobalSection
EndGlobal
