
Microsoft Visual Studio Solution File, Format Version 12.00
# Visual Studio Version 17
VisualStudioVersion = 17.9.34728.123
MinimumVisualStudioVersion = 10.0.40219.1
Project("{FAE04EC0-301F-11D3-BF4B-00C04F79EFBC}") = "Soltec.Portal.Web", "Soltec.Portal.Web.csproj", "{EFB19BE1-D032-4EF5-B354-49BD7115451D}"
EndProject
Global
	GlobalSection(SolutionConfigurationPlatforms) = preSolution
		Debug|Any CPU = Debug|Any CPU
		Release|Any CPU = Release|Any CPU
	EndGlobalSection
	GlobalSection(ProjectConfigurationPlatforms) = postSolution
		{EFB19BE1-D032-4EF5-B354-49BD7115451D}.Debug|Any CPU.ActiveCfg = Debug|Any CPU
		{EFB19BE1-D032-4EF5-B354-49BD7115451D}.Debug|Any CPU.Build.0 = Debug|Any CPU
		{EFB19BE1-D032-4EF5-B354-49BD7115451D}.Release|Any CPU.ActiveCfg = Release|Any CPU
		{EFB19BE1-D032-4EF5-B354-49BD7115451D}.Release|Any CPU.Build.0 = Release|Any CPU
	EndGlobalSection
	GlobalSection(SolutionProperties) = preSolution
		HideSolutionNode = FALSE
	EndGlobalSection
	GlobalSection(ExtensibilityGlobals) = postSolution
		SolutionGuid = {1AFB81D6-FB99-40B7-94D2-EEF72543898F}
	EndGlobalSection
EndGlobal
